// !$*UTF8*$!
{
	archiveVersion = 1;
	classes = {
	};
	objectVersion = 50;
	objects = {

/* Begin PBXBuildFile section */
		2568D064982D80C7F1F18631 /* Pods_AppCenter_DemoTests.framework in Frameworks */ = {isa = PBXBuildFile; fileRef = 25887B54DE76F2CF718B8B1E /* Pods_AppCenter_DemoTests.framework */; };
		342EB373625319A6037984A7 /* Pods_AppCenter_Demo.framework in Frameworks */ = {isa = PBXBuildFile; fileRef = FD1FCF506AA288A49D9F16D6 /* Pods_AppCenter_Demo.framework */; };
		7E44A154DF121C84B92351D8 /* Pods_AppCenter_Demo_AppCenter_DemoUITests.framework in Frameworks */ = {isa = PBXBuildFile; fileRef = 41E252200A77E8BDE885729D /* Pods_AppCenter_Demo_AppCenter_DemoUITests.framework */; };
		BBC81A1424FA4BE5005791A6 /* AppDelegate.swift in Sources */ = {isa = PBXBuildFile; fileRef = BBC81A1324FA4BE5005791A6 /* AppDelegate.swift */; };
		BBC81A1624FA4BE5005791A6 /* SceneDelegate.swift in Sources */ = {isa = PBXBuildFile; fileRef = BBC81A1524FA4BE5005791A6 /* SceneDelegate.swift */; };
		BBC81A1824FA4BE5005791A6 /* ViewController.swift in Sources */ = {isa = PBXBuildFile; fileRef = BBC81A1724FA4BE5005791A6 /* ViewController.swift */; };
		BBC81A1B24FA4BE5005791A6 /* Main.storyboard in Resources */ = {isa = PBXBuildFile; fileRef = BBC81A1924FA4BE5005791A6 /* Main.storyboard */; };
		BBC81A1D24FA4BEC005791A6 /* Assets.xcassets in Resources */ = {isa = PBXBuildFile; fileRef = BBC81A1C24FA4BEC005791A6 /* Assets.xcassets */; };
		BBC81A2024FA4BEC005791A6 /* LaunchScreen.storyboard in Resources */ = {isa = PBXBuildFile; fileRef = BBC81A1E24FA4BEC005791A6 /* LaunchScreen.storyboard */; };
		BBC81A2B24FA4BEC005791A6 /* AppCenter_DemoTests.swift in Sources */ = {isa = PBXBuildFile; fileRef = BBC81A2A24FA4BEC005791A6 /* AppCenter_DemoTests.swift */; };
		BBC81A3624FA4BEC005791A6 /* AppCenter_DemoUITests.swift in Sources */ = {isa = PBXBuildFile; fileRef = BBC81A3524FA4BEC005791A6 /* AppCenter_DemoUITests.swift */; };
/* End PBXBuildFile section */

/* Begin PBXContainerItemProxy section */
		BBC81A2724FA4BEC005791A6 /* PBXContainerItemProxy */ = {
			isa = PBXContainerItemProxy;
			containerPortal = BBC81A0824FA4BE5005791A6 /* Project object */;
			proxyType = 1;
			remoteGlobalIDString = BBC81A0F24FA4BE5005791A6;
			remoteInfo = "AppCenter Demo";
		};
		BBC81A3224FA4BEC005791A6 /* PBXContainerItemProxy */ = {
			isa = PBXContainerItemProxy;
			containerPortal = BBC81A0824FA4BE5005791A6 /* Project object */;
			proxyType = 1;
			remoteGlobalIDString = BBC81A0F24FA4BE5005791A6;
			remoteInfo = "AppCenter Demo";
		};
/* End PBXContainerItemProxy section */

/* Begin PBXFileReference section */
		16EBEBF470DD28D5A32FB5CA /* Pods-AppCenter Demo-AppCenter DemoUITests.release.xcconfig */ = {isa = PBXFileReference; includeInIndex = 1; lastKnownFileType = text.xcconfig; name = "Pods-AppCenter Demo-AppCenter DemoUITests.release.xcconfig"; path = "Target Support Files/Pods-AppCenter Demo-AppCenter DemoUITests/Pods-AppCenter Demo-AppCenter DemoUITests.release.xcconfig"; sourceTree = "<group>"; };
		25887B54DE76F2CF718B8B1E /* Pods_AppCenter_DemoTests.framework */ = {isa = PBXFileReference; explicitFileType = wrapper.framework; includeInIndex = 0; path = Pods_AppCenter_DemoTests.framework; sourceTree = BUILT_PRODUCTS_DIR; };
		41E252200A77E8BDE885729D /* Pods_AppCenter_Demo_AppCenter_DemoUITests.framework */ = {isa = PBXFileReference; explicitFileType = wrapper.framework; includeInIndex = 0; path = Pods_AppCenter_Demo_AppCenter_DemoUITests.framework; sourceTree = BUILT_PRODUCTS_DIR; };
		79BD718AB60EE38239AD9735 /* Pods-AppCenter Demo-AppCenter DemoUITests.debug.xcconfig */ = {isa = PBXFileReference; includeInIndex = 1; lastKnownFileType = text.xcconfig; name = "Pods-AppCenter Demo-AppCenter DemoUITests.debug.xcconfig"; path = "Target Support Files/Pods-AppCenter Demo-AppCenter DemoUITests/Pods-AppCenter Demo-AppCenter DemoUITests.debug.xcconfig"; sourceTree = "<group>"; };
		A91266318F67FE5F6B8DD6BA /* Pods-AppCenter DemoTests.debug.xcconfig */ = {isa = PBXFileReference; includeInIndex = 1; lastKnownFileType = text.xcconfig; name = "Pods-AppCenter DemoTests.debug.xcconfig"; path = "Target Support Files/Pods-AppCenter DemoTests/Pods-AppCenter DemoTests.debug.xcconfig"; sourceTree = "<group>"; };
		BABC4A96BAF85CDB94D655A2 /* Pods-AppCenter Demo.debug.xcconfig */ = {isa = PBXFileReference; includeInIndex = 1; lastKnownFileType = text.xcconfig; name = "Pods-AppCenter Demo.debug.xcconfig"; path = "Target Support Files/Pods-AppCenter Demo/Pods-AppCenter Demo.debug.xcconfig"; sourceTree = "<group>"; };
		BBC81A1024FA4BE5005791A6 /* AppCenter Demo.app */ = {isa = PBXFileReference; explicitFileType = wrapper.application; includeInIndex = 0; path = "AppCenter Demo.app"; sourceTree = BUILT_PRODUCTS_DIR; };
		BBC81A1324FA4BE5005791A6 /* AppDelegate.swift */ = {isa = PBXFileReference; lastKnownFileType = sourcecode.swift; path = AppDelegate.swift; sourceTree = "<group>"; };
		BBC81A1524FA4BE5005791A6 /* SceneDelegate.swift */ = {isa = PBXFileReference; lastKnownFileType = sourcecode.swift; path = SceneDelegate.swift; sourceTree = "<group>"; };
		BBC81A1724FA4BE5005791A6 /* ViewController.swift */ = {isa = PBXFileReference; lastKnownFileType = sourcecode.swift; path = ViewController.swift; sourceTree = "<group>"; };
		BBC81A1A24FA4BE5005791A6 /* Base */ = {isa = PBXFileReference; lastKnownFileType = file.storyboard; name = Base; path = Base.lproj/Main.storyboard; sourceTree = "<group>"; };
		BBC81A1C24FA4BEC005791A6 /* Assets.xcassets */ = {isa = PBXFileReference; lastKnownFileType = folder.assetcatalog; path = Assets.xcassets; sourceTree = "<group>"; };
		BBC81A1F24FA4BEC005791A6 /* Base */ = {isa = PBXFileReference; lastKnownFileType = file.storyboard; name = Base; path = Base.lproj/LaunchScreen.storyboard; sourceTree = "<group>"; };
		BBC81A2124FA4BEC005791A6 /* Info.plist */ = {isa = PBXFileReference; lastKnownFileType = text.plist.xml; path = Info.plist; sourceTree = "<group>"; };
		BBC81A2624FA4BEC005791A6 /* AppCenter DemoTests.xctest */ = {isa = PBXFileReference; explicitFileType = wrapper.cfbundle; includeInIndex = 0; path = "AppCenter DemoTests.xctest"; sourceTree = BUILT_PRODUCTS_DIR; };
		BBC81A2A24FA4BEC005791A6 /* AppCenter_DemoTests.swift */ = {isa = PBXFileReference; lastKnownFileType = sourcecode.swift; path = AppCenter_DemoTests.swift; sourceTree = "<group>"; };
		BBC81A2C24FA4BEC005791A6 /* Info.plist */ = {isa = PBXFileReference; lastKnownFileType = text.plist.xml; path = Info.plist; sourceTree = "<group>"; };
		BBC81A3124FA4BEC005791A6 /* AppCenter DemoUITests.xctest */ = {isa = PBXFileReference; explicitFileType = wrapper.cfbundle; includeInIndex = 0; path = "AppCenter DemoUITests.xctest"; sourceTree = BUILT_PRODUCTS_DIR; };
		BBC81A3524FA4BEC005791A6 /* AppCenter_DemoUITests.swift */ = {isa = PBXFileReference; lastKnownFileType = sourcecode.swift; path = AppCenter_DemoUITests.swift; sourceTree = "<group>"; };
		BBC81A3724FA4BEC005791A6 /* Info.plist */ = {isa = PBXFileReference; lastKnownFileType = text.plist.xml; path = Info.plist; sourceTree = "<group>"; };
		C378DACE412DBECBBDB1A162 /* Pods-AppCenter DemoTests.release.xcconfig */ = {isa = PBXFileReference; includeInIndex = 1; lastKnownFileType = text.xcconfig; name = "Pods-AppCenter DemoTests.release.xcconfig"; path = "Target Support Files/Pods-AppCenter DemoTests/Pods-AppCenter DemoTests.release.xcconfig"; sourceTree = "<group>"; };
		DB4D69C215775FDCF33D3660 /* Pods-AppCenter Demo.release.xcconfig */ = {isa = PBXFileReference; includeInIndex = 1; lastKnownFileType = text.xcconfig; name = "Pods-AppCenter Demo.release.xcconfig"; path = "Target Support Files/Pods-AppCenter Demo/Pods-AppCenter Demo.release.xcconfig"; sourceTree = "<group>"; };
		FD1FCF506AA288A49D9F16D6 /* Pods_AppCenter_Demo.framework */ = {isa = PBXFileReference; explicitFileType = wrapper.framework; includeInIndex = 0; path = Pods_AppCenter_Demo.framework; sourceTree = BUILT_PRODUCTS_DIR; };
/* End PBXFileReference section */

/* Begin PBXFrameworksBuildPhase section */
		BBC81A0D24FA4BE5005791A6 /* Frameworks */ = {
			isa = PBXFrameworksBuildPhase;
			buildActionMask = 2147483647;
			files = (
				342EB373625319A6037984A7 /* Pods_AppCenter_Demo.framework in Frameworks */,
			);
			runOnlyForDeploymentPostprocessing = 0;
		};
		BBC81A2324FA4BEC005791A6 /* Frameworks */ = {
			isa = PBXFrameworksBuildPhase;
			buildActionMask = 2147483647;
			files = (
				2568D064982D80C7F1F18631 /* Pods_AppCenter_DemoTests.framework in Frameworks */,
			);
			runOnlyForDeploymentPostprocessing = 0;
		};
		BBC81A2E24FA4BEC005791A6 /* Frameworks */ = {
			isa = PBXFrameworksBuildPhase;
			buildActionMask = 2147483647;
			files = (
				7E44A154DF121C84B92351D8 /* Pods_AppCenter_Demo_AppCenter_DemoUITests.framework in Frameworks */,
			);
			runOnlyForDeploymentPostprocessing = 0;
		};
/* End PBXFrameworksBuildPhase section */

/* Begin PBXGroup section */
		0206CB55A3FA5BA2CB3BA2EC /* Frameworks */ = {
			isa = PBXGroup;
			children = (
				FD1FCF506AA288A49D9F16D6 /* Pods_AppCenter_Demo.framework */,
				41E252200A77E8BDE885729D /* Pods_AppCenter_Demo_AppCenter_DemoUITests.framework */,
				25887B54DE76F2CF718B8B1E /* Pods_AppCenter_DemoTests.framework */,
			);
			name = Frameworks;
			sourceTree = "<group>";
		};
		126CEA10E0888B2ED651D36A /* Pods */ = {
			isa = PBXGroup;
			children = (
				BABC4A96BAF85CDB94D655A2 /* Pods-AppCenter Demo.debug.xcconfig */,
				DB4D69C215775FDCF33D3660 /* Pods-AppCenter Demo.release.xcconfig */,
				79BD718AB60EE38239AD9735 /* Pods-AppCenter Demo-AppCenter DemoUITests.debug.xcconfig */,
				16EBEBF470DD28D5A32FB5CA /* Pods-AppCenter Demo-AppCenter DemoUITests.release.xcconfig */,
				A91266318F67FE5F6B8DD6BA /* Pods-AppCenter DemoTests.debug.xcconfig */,
				C378DACE412DBECBBDB1A162 /* Pods-AppCenter DemoTests.release.xcconfig */,
			);
			name = Pods;
			path = Pods;
			sourceTree = "<group>";
		};
		BBC81A0724FA4BE5005791A6 = {
			isa = PBXGroup;
			children = (
				BBC81A1224FA4BE5005791A6 /* AppCenter Demo */,
				BBC81A2924FA4BEC005791A6 /* AppCenter DemoTests */,
				BBC81A3424FA4BEC005791A6 /* AppCenter DemoUITests */,
				BBC81A1124FA4BE5005791A6 /* Products */,
				126CEA10E0888B2ED651D36A /* Pods */,
				0206CB55A3FA5BA2CB3BA2EC /* Frameworks */,
			);
			sourceTree = "<group>";
		};
		BBC81A1124FA4BE5005791A6 /* Products */ = {
			isa = PBXGroup;
			children = (
				BBC81A1024FA4BE5005791A6 /* AppCenter Demo.app */,
				BBC81A2624FA4BEC005791A6 /* AppCenter DemoTests.xctest */,
				BBC81A3124FA4BEC005791A6 /* AppCenter DemoUITests.xctest */,
			);
			name = Products;
			sourceTree = "<group>";
		};
		BBC81A1224FA4BE5005791A6 /* AppCenter Demo */ = {
			isa = PBXGroup;
			children = (
				BBC81A1324FA4BE5005791A6 /* AppDelegate.swift */,
				BBC81A1524FA4BE5005791A6 /* SceneDelegate.swift */,
				BBC81A1724FA4BE5005791A6 /* ViewController.swift */,
				BBC81A1924FA4BE5005791A6 /* Main.storyboard */,
				BBC81A1C24FA4BEC005791A6 /* Assets.xcassets */,
				BBC81A1E24FA4BEC005791A6 /* LaunchScreen.storyboard */,
				BBC81A2124FA4BEC005791A6 /* Info.plist */,
			);
			path = "AppCenter Demo";
			sourceTree = "<group>";
		};
		BBC81A2924FA4BEC005791A6 /* AppCenter DemoTests */ = {
			isa = PBXGroup;
			children = (
				BBC81A2A24FA4BEC005791A6 /* AppCenter_DemoTests.swift */,
				BBC81A2C24FA4BEC005791A6 /* Info.plist */,
			);
			path = "AppCenter DemoTests";
			sourceTree = "<group>";
		};
		BBC81A3424FA4BEC005791A6 /* AppCenter DemoUITests */ = {
			isa = PBXGroup;
			children = (
				BBC81A3524FA4BEC005791A6 /* AppCenter_DemoUITests.swift */,
				BBC81A3724FA4BEC005791A6 /* Info.plist */,
			);
			path = "AppCenter DemoUITests";
			sourceTree = "<group>";
		};
/* End PBXGroup section */

/* Begin PBXNativeTarget section */
		BBC81A0F24FA4BE5005791A6 /* AppCenter Demo */ = {
			isa = PBXNativeTarget;
			buildConfigurationList = BBC81A3A24FA4BEC005791A6 /* Build configuration list for PBXNativeTarget "AppCenter Demo" */;
			buildPhases = (
				694ED49016295EAAE89B87D2 /* [CP] Check Pods Manifest.lock */,
				BBC81A0C24FA4BE5005791A6 /* Sources */,
				BBC81A0D24FA4BE5005791A6 /* Frameworks */,
				BBC81A0E24FA4BE5005791A6 /* Resources */,
			);
			buildRules = (
			);
			dependencies = (
			);
			name = "AppCenter Demo";
			productName = "AppCenter Demo";
			productReference = BBC81A1024FA4BE5005791A6 /* AppCenter Demo.app */;
			productType = "com.apple.product-type.application";
		};
		BBC81A2524FA4BEC005791A6 /* AppCenter DemoTests */ = {
			isa = PBXNativeTarget;
			buildConfigurationList = BBC81A3D24FA4BEC005791A6 /* Build configuration list for PBXNativeTarget "AppCenter DemoTests" */;
			buildPhases = (
				1A6678862CD4026B1FFC47EA /* [CP] Check Pods Manifest.lock */,
				BBC81A2224FA4BEC005791A6 /* Sources */,
				BBC81A2324FA4BEC005791A6 /* Frameworks */,
				BBC81A2424FA4BEC005791A6 /* Resources */,
			);
			buildRules = (
			);
			dependencies = (
				BBC81A2824FA4BEC005791A6 /* PBXTargetDependency */,
			);
			name = "AppCenter DemoTests";
			productName = "AppCenter DemoTests";
			productReference = BBC81A2624FA4BEC005791A6 /* AppCenter DemoTests.xctest */;
			productType = "com.apple.product-type.bundle.unit-test";
		};
		BBC81A3024FA4BEC005791A6 /* AppCenter DemoUITests */ = {
			isa = PBXNativeTarget;
			buildConfigurationList = BBC81A4024FA4BEC005791A6 /* Build configuration list for PBXNativeTarget "AppCenter DemoUITests" */;
			buildPhases = (
				EB4A32024AD917FBC7067D01 /* [CP] Check Pods Manifest.lock */,
				BBC81A2D24FA4BEC005791A6 /* Sources */,
				BBC81A2E24FA4BEC005791A6 /* Frameworks */,
				BBC81A2F24FA4BEC005791A6 /* Resources */,
			);
			buildRules = (
			);
			dependencies = (
				BBC81A3324FA4BEC005791A6 /* PBXTargetDependency */,
			);
			name = "AppCenter DemoUITests";
			productName = "AppCenter DemoUITests";
			productReference = BBC81A3124FA4BEC005791A6 /* AppCenter DemoUITests.xctest */;
			productType = "com.apple.product-type.bundle.ui-testing";
		};
/* End PBXNativeTarget section */

/* Begin PBXProject section */
		BBC81A0824FA4BE5005791A6 /* Project object */ = {
			isa = PBXProject;
			attributes = {
				LastSwiftUpdateCheck = 1160;
				LastUpgradeCheck = 1160;
				ORGANIZATIONNAME = "Ankit Jaiswal";
				TargetAttributes = {
					BBC81A0F24FA4BE5005791A6 = {
						CreatedOnToolsVersion = 11.6;
					};
					BBC81A2524FA4BEC005791A6 = {
						CreatedOnToolsVersion = 11.6;
						TestTargetID = BBC81A0F24FA4BE5005791A6;
					};
					BBC81A3024FA4BEC005791A6 = {
						CreatedOnToolsVersion = 11.6;
						TestTargetID = BBC81A0F24FA4BE5005791A6;
					};
				};
			};
			buildConfigurationList = BBC81A0B24FA4BE5005791A6 /* Build configuration list for PBXProject "AppCenter Demo" */;
			compatibilityVersion = "Xcode 9.3";
			developmentRegion = en;
			hasScannedForEncodings = 0;
			knownRegions = (
				en,
				Base,
			);
			mainGroup = BBC81A0724FA4BE5005791A6;
			productRefGroup = BBC81A1124FA4BE5005791A6 /* Products */;
			projectDirPath = "";
			projectRoot = "";
			targets = (
				BBC81A0F24FA4BE5005791A6 /* AppCenter Demo */,
				BBC81A2524FA4BEC005791A6 /* AppCenter DemoTests */,
				BBC81A3024FA4BEC005791A6 /* AppCenter DemoUITests */,
			);
		};
/* End PBXProject section */

/* Begin PBXResourcesBuildPhase section */
		BBC81A0E24FA4BE5005791A6 /* Resources */ = {
			isa = PBXResourcesBuildPhase;
			buildActionMask = 2147483647;
			files = (
				BBC81A2024FA4BEC005791A6 /* LaunchScreen.storyboard in Resources */,
				BBC81A1D24FA4BEC005791A6 /* Assets.xcassets in Resources */,
				BBC81A1B24FA4BE5005791A6 /* Main.storyboard in Resources */,
			);
			runOnlyForDeploymentPostprocessing = 0;
		};
		BBC81A2424FA4BEC005791A6 /* Resources */ = {
			isa = PBXResourcesBuildPhase;
			buildActionMask = 2147483647;
			files = (
			);
			runOnlyForDeploymentPostprocessing = 0;
		};
		BBC81A2F24FA4BEC005791A6 /* Resources */ = {
			isa = PBXResourcesBuildPhase;
			buildActionMask = 2147483647;
			files = (
			);
			runOnlyForDeploymentPostprocessing = 0;
		};
/* End PBXResourcesBuildPhase section */

/* Begin PBXShellScriptBuildPhase section */
		1A6678862CD4026B1FFC47EA /* [CP] Check Pods Manifest.lock */ = {
			isa = PBXShellScriptBuildPhase;
			buildActionMask = 2147483647;
			files = (
			);
			inputFileListPaths = (
			);
			inputPaths = (
				"${PODS_PODFILE_DIR_PATH}/Podfile.lock",
				"${PODS_ROOT}/Manifest.lock",
			);
			name = "[CP] Check Pods Manifest.lock";
			outputFileListPaths = (
			);
			outputPaths = (
				"$(DERIVED_FILE_DIR)/Pods-AppCenter DemoTests-checkManifestLockResult.txt",
			);
			runOnlyForDeploymentPostprocessing = 0;
			shellPath = /bin/sh;
			shellScript = "diff \"${PODS_PODFILE_DIR_PATH}/Podfile.lock\" \"${PODS_ROOT}/Manifest.lock\" > /dev/null\nif [ $? != 0 ] ; then\n    # print error to STDERR\n    echo \"error: The sandbox is not in sync with the Podfile.lock. Run 'pod install' or update your CocoaPods installation.\" >&2\n    exit 1\nfi\n# This output is used by Xcode 'outputs' to avoid re-running this script phase.\necho \"SUCCESS\" > \"${SCRIPT_OUTPUT_FILE_0}\"\n";
			showEnvVarsInLog = 0;
		};
		694ED49016295EAAE89B87D2 /* [CP] Check Pods Manifest.lock */ = {
			isa = PBXShellScriptBuildPhase;
			buildActionMask = 2147483647;
			files = (
			);
			inputFileListPaths = (
			);
			inputPaths = (
				"${PODS_PODFILE_DIR_PATH}/Podfile.lock",
				"${PODS_ROOT}/Manifest.lock",
			);
			name = "[CP] Check Pods Manifest.lock";
			outputFileListPaths = (
			);
			outputPaths = (
				"$(DERIVED_FILE_DIR)/Pods-AppCenter Demo-checkManifestLockResult.txt",
			);
			runOnlyForDeploymentPostprocessing = 0;
			shellPath = /bin/sh;
			shellScript = "diff \"${PODS_PODFILE_DIR_PATH}/Podfile.lock\" \"${PODS_ROOT}/Manifest.lock\" > /dev/null\nif [ $? != 0 ] ; then\n    # print error to STDERR\n    echo \"error: The sandbox is not in sync with the Podfile.lock. Run 'pod install' or update your CocoaPods installation.\" >&2\n    exit 1\nfi\n# This output is used by Xcode 'outputs' to avoid re-running this script phase.\necho \"SUCCESS\" > \"${SCRIPT_OUTPUT_FILE_0}\"\n";
			showEnvVarsInLog = 0;
		};
		EB4A32024AD917FBC7067D01 /* [CP] Check Pods Manifest.lock */ = {
			isa = PBXShellScriptBuildPhase;
			buildActionMask = 2147483647;
			files = (
			);
			inputFileListPaths = (
			);
			inputPaths = (
				"${PODS_PODFILE_DIR_PATH}/Podfile.lock",
				"${PODS_ROOT}/Manifest.lock",
			);
			name = "[CP] Check Pods Manifest.lock";
			outputFileListPaths = (
			);
			outputPaths = (
				"$(DERIVED_FILE_DIR)/Pods-AppCenter Demo-AppCenter DemoUITests-checkManifestLockResult.txt",
			);
			runOnlyForDeploymentPostprocessing = 0;
			shellPath = /bin/sh;
			shellScript = "diff \"${PODS_PODFILE_DIR_PATH}/Podfile.lock\" \"${PODS_ROOT}/Manifest.lock\" > /dev/null\nif [ $? != 0 ] ; then\n    # print error to STDERR\n    echo \"error: The sandbox is not in sync with the Podfile.lock. Run 'pod install' or update your CocoaPods installation.\" >&2\n    exit 1\nfi\n# This output is used by Xcode 'outputs' to avoid re-running this script phase.\necho \"SUCCESS\" > \"${SCRIPT_OUTPUT_FILE_0}\"\n";
			showEnvVarsInLog = 0;
		};
/* End PBXShellScriptBuildPhase section */

/* Begin PBXSourcesBuildPhase section */
		BBC81A0C24FA4BE5005791A6 /* Sources */ = {
			isa = PBXSourcesBuildPhase;
			buildActionMask = 2147483647;
			files = (
				BBC81A1824FA4BE5005791A6 /* ViewController.swift in Sources */,
				BBC81A1424FA4BE5005791A6 /* AppDelegate.swift in Sources */,
				BBC81A1624FA4BE5005791A6 /* SceneDelegate.swift in Sources */,
			);
			runOnlyForDeploymentPostprocessing = 0;
		};
		BBC81A2224FA4BEC005791A6 /* Sources */ = {
			isa = PBXSourcesBuildPhase;
			buildActionMask = 2147483647;
			files = (
				BBC81A2B24FA4BEC005791A6 /* AppCenter_DemoTests.swift in Sources */,
			);
			runOnlyForDeploymentPostprocessing = 0;
		};
		BBC81A2D24FA4BEC005791A6 /* Sources */ = {
			isa = PBXSourcesBuildPhase;
			buildActionMask = 2147483647;
			files = (
				BBC81A3624FA4BEC005791A6 /* AppCenter_DemoUITests.swift in Sources */,
			);
			runOnlyForDeploymentPostprocessing = 0;
		};
/* End PBXSourcesBuildPhase section */

/* Begin PBXTargetDependency section */
		BBC81A2824FA4BEC005791A6 /* PBXTargetDependency */ = {
			isa = PBXTargetDependency;
			target = BBC81A0F24FA4BE5005791A6 /* AppCenter Demo */;
			targetProxy = BBC81A2724FA4BEC005791A6 /* PBXContainerItemProxy */;
		};
		BBC81A3324FA4BEC005791A6 /* PBXTargetDependency */ = {
			isa = PBXTargetDependency;
			target = BBC81A0F24FA4BE5005791A6 /* AppCenter Demo */;
			targetProxy = BBC81A3224FA4BEC005791A6 /* PBXContainerItemProxy */;
		};
/* End PBXTargetDependency section */

/* Begin PBXVariantGroup section */
		BBC81A1924FA4BE5005791A6 /* Main.storyboard */ = {
			isa = PBXVariantGroup;
			children = (
				BBC81A1A24FA4BE5005791A6 /* Base */,
			);
			name = Main.storyboard;
			sourceTree = "<group>";
		};
		BBC81A1E24FA4BEC005791A6 /* LaunchScreen.storyboard */ = {
			isa = PBXVariantGroup;
			children = (
				BBC81A1F24FA4BEC005791A6 /* Base */,
			);
			name = LaunchScreen.storyboard;
			sourceTree = "<group>";
		};
/* End PBXVariantGroup section */

/* Begin XCBuildConfiguration section */
		BBC81A3824FA4BEC005791A6 /* Debug */ = {
			isa = XCBuildConfiguration;
			buildSettings = {
				ALWAYS_SEARCH_USER_PATHS = NO;
				CLANG_ANALYZER_NONNULL = YES;
				CLANG_ANALYZER_NUMBER_OBJECT_CONVERSION = YES_AGGRESSIVE;
				CLANG_CXX_LANGUAGE_STANDARD = "gnu++14";
				CLANG_CXX_LIBRARY = "libc++";
				CLANG_ENABLE_MODULES = YES;
				CLANG_ENABLE_OBJC_ARC = YES;
				CLANG_ENABLE_OBJC_WEAK = YES;
				CLANG_WARN_BLOCK_CAPTURE_AUTORELEASING = YES;
				CLANG_WARN_BOOL_CONVERSION = YES;
				CLANG_WARN_COMMA = YES;
				CLANG_WARN_CONSTANT_CONVERSION = YES;
				CLANG_WARN_DEPRECATED_OBJC_IMPLEMENTATIONS = YES;
				CLANG_WARN_DIRECT_OBJC_ISA_USAGE = YES_ERROR;
				CLANG_WARN_DOCUMENTATION_COMMENTS = YES;
				CLANG_WARN_EMPTY_BODY = YES;
				CLANG_WARN_ENUM_CONVERSION = YES;
				CLANG_WARN_INFINITE_RECURSION = YES;
				CLANG_WARN_INT_CONVERSION = YES;
				CLANG_WARN_NON_LITERAL_NULL_CONVERSION = YES;
				CLANG_WARN_OBJC_IMPLICIT_RETAIN_SELF = YES;
				CLANG_WARN_OBJC_LITERAL_CONVERSION = YES;
				CLANG_WARN_OBJC_ROOT_CLASS = YES_ERROR;
				CLANG_WARN_RANGE_LOOP_ANALYSIS = YES;
				CLANG_WARN_STRICT_PROTOTYPES = YES;
				CLANG_WARN_SUSPICIOUS_MOVE = YES;
				CLANG_WARN_UNGUARDED_AVAILABILITY = YES_AGGRESSIVE;
				CLANG_WARN_UNREACHABLE_CODE = YES;
				CLANG_WARN__DUPLICATE_METHOD_MATCH = YES;
				COPY_PHASE_STRIP = NO;
				DEBUG_INFORMATION_FORMAT = dwarf;
				ENABLE_STRICT_OBJC_MSGSEND = YES;
				ENABLE_TESTABILITY = YES;
				GCC_C_LANGUAGE_STANDARD = gnu11;
				GCC_DYNAMIC_NO_PIC = NO;
				GCC_NO_COMMON_BLOCKS = YES;
				GCC_OPTIMIZATION_LEVEL = 0;
				GCC_PREPROCESSOR_DEFINITIONS = (
					"DEBUG=1",
					"$(inherited)",
				);
				GCC_WARN_64_TO_32_BIT_CONVERSION = YES;
				GCC_WARN_ABOUT_RETURN_TYPE = YES_ERROR;
				GCC_WARN_UNDECLARED_SELECTOR = YES;
				GCC_WARN_UNINITIALIZED_AUTOS = YES_AGGRESSIVE;
				GCC_WARN_UNUSED_FUNCTION = YES;
				GCC_WARN_UNUSED_VARIABLE = YES;
				IPHONEOS_DEPLOYMENT_TARGET = 13.6;
				MTL_ENABLE_DEBUG_INFO = INCLUDE_SOURCE;
				MTL_FAST_MATH = YES;
				ONLY_ACTIVE_ARCH = YES;
				SDKROOT = iphoneos;
				SWIFT_ACTIVE_COMPILATION_CONDITIONS = DEBUG;
				SWIFT_OPTIMIZATION_LEVEL = "-Onone";
			};
			name = Debug;
		};
		BBC81A3924FA4BEC005791A6 /* Release */ = {
			isa = XCBuildConfiguration;
			buildSettings = {
				ALWAYS_SEARCH_USER_PATHS = NO;
				CLANG_ANALYZER_NONNULL = YES;
				CLANG_ANALYZER_NUMBER_OBJECT_CONVERSION = YES_AGGRESSIVE;
				CLANG_CXX_LANGUAGE_STANDARD = "gnu++14";
				CLANG_CXX_LIBRARY = "libc++";
				CLANG_ENABLE_MODULES = YES;
				CLANG_ENABLE_OBJC_ARC = YES;
				CLANG_ENABLE_OBJC_WEAK = YES;
				CLANG_WARN_BLOCK_CAPTURE_AUTORELEASING = YES;
				CLANG_WARN_BOOL_CONVERSION = YES;
				CLANG_WARN_COMMA = YES;
				CLANG_WARN_CONSTANT_CONVERSION = YES;
				CLANG_WARN_DEPRECATED_OBJC_IMPLEMENTATIONS = YES;
				CLANG_WARN_DIRECT_OBJC_ISA_USAGE = YES_ERROR;
				CLANG_WARN_DOCUMENTATION_COMMENTS = YES;
				CLANG_WARN_EMPTY_BODY = YES;
				CLANG_WARN_ENUM_CONVERSION = YES;
				CLANG_WARN_INFINITE_RECURSION = YES;
				CLANG_WARN_INT_CONVERSION = YES;
				CLANG_WARN_NON_LITERAL_NULL_CONVERSION = YES;
				CLANG_WARN_OBJC_IMPLICIT_RETAIN_SELF = YES;
				CLANG_WARN_OBJC_LITERAL_CONVERSION = YES;
				CLANG_WARN_OBJC_ROOT_CLASS = YES_ERROR;
				CLANG_WARN_RANGE_LOOP_ANALYSIS = YES;
				CLANG_WARN_STRICT_PROTOTYPES = YES;
				CLANG_WARN_SUSPICIOUS_MOVE = YES;
				CLANG_WARN_UNGUARDED_AVAILABILITY = YES_AGGRESSIVE;
				CLANG_WARN_UNREACHABLE_CODE = YES;
				CLANG_WARN__DUPLICATE_METHOD_MATCH = YES;
				COPY_PHASE_STRIP = NO;
				DEBUG_INFORMATION_FORMAT = "dwarf-with-dsym";
				ENABLE_NS_ASSERTIONS = NO;
				ENABLE_STRICT_OBJC_MSGSEND = YES;
				GCC_C_LANGUAGE_STANDARD = gnu11;
				GCC_NO_COMMON_BLOCKS = YES;
				GCC_WARN_64_TO_32_BIT_CONVERSION = YES;
				GCC_WARN_ABOUT_RETURN_TYPE = YES_ERROR;
				GCC_WARN_UNDECLARED_SELECTOR = YES;
				GCC_WARN_UNINITIALIZED_AUTOS = YES_AGGRESSIVE;
				GCC_WARN_UNUSED_FUNCTION = YES;
				GCC_WARN_UNUSED_VARIABLE = YES;
				IPHONEOS_DEPLOYMENT_TARGET = 13.6;
				MTL_ENABLE_DEBUG_INFO = NO;
				MTL_FAST_MATH = YES;
				SDKROOT = iphoneos;
				SWIFT_COMPILATION_MODE = wholemodule;
				SWIFT_OPTIMIZATION_LEVEL = "-O";
				VALIDATE_PRODUCT = YES;
			};
			name = Release;
		};
		BBC81A3B24FA4BEC005791A6 /* Debug */ = {
			isa = XCBuildConfiguration;
			baseConfigurationReference = BABC4A96BAF85CDB94D655A2 /* Pods-AppCenter Demo.debug.xcconfig */;
			buildSettings = {
				ASSETCATALOG_COMPILER_APPICON_NAME = AppIcon;
				CODE_SIGN_STYLE = Manual;
				DEVELOPMENT_TEAM = "";
				INFOPLIST_FILE = "AppCenter Demo/Info.plist";
				LD_RUNPATH_SEARCH_PATHS = (
					"$(inherited)",
					"@executable_path/Frameworks",
				);
				PRODUCT_BUNDLE_IDENTIFIER = "com.crownstack.AppCenter-Demo";
				PRODUCT_NAME = "$(TARGET_NAME)";
				PROVISIONING_PROFILE_SPECIFIER = "";
				SWIFT_VERSION = 5.0;
				TARGETED_DEVICE_FAMILY = "1,2";
			};
			name = Debug;
		};
		BBC81A3C24FA4BEC005791A6 /* Release */ = {
			isa = XCBuildConfiguration;
			baseConfigurationReference = DB4D69C215775FDCF33D3660 /* Pods-AppCenter Demo.release.xcconfig */;
			buildSettings = {
				ASSETCATALOG_COMPILER_APPICON_NAME = AppIcon;
				CODE_SIGN_STYLE = Manual;
				DEVELOPMENT_TEAM = "";
				INFOPLIST_FILE = "AppCenter Demo/Info.plist";
				LD_RUNPATH_SEARCH_PATHS = (
					"$(inherited)",
					"@executable_path/Frameworks",
				);
				PRODUCT_BUNDLE_IDENTIFIER = "com.crownstack.AppCenter-Demo";
				PRODUCT_NAME = "$(TARGET_NAME)";
				PROVISIONING_PROFILE_SPECIFIER = "";
				SWIFT_VERSION = 5.0;
				TARGETED_DEVICE_FAMILY = "1,2";
			};
			name = Release;
		};
		BBC81A3E24FA4BEC005791A6 /* Debug */ = {
			isa = XCBuildConfiguration;
			baseConfigurationReference = A91266318F67FE5F6B8DD6BA /* Pods-AppCenter DemoTests.debug.xcconfig */;
			buildSettings = {
				ALWAYS_EMBED_SWIFT_STANDARD_LIBRARIES = YES;
				BUNDLE_LOADER = "$(TEST_HOST)";
				CODE_SIGN_STYLE = Automatic;
				INFOPLIST_FILE = "AppCenter DemoTests/Info.plist";
				IPHONEOS_DEPLOYMENT_TARGET = 13.6;
				LD_RUNPATH_SEARCH_PATHS = (
					"$(inherited)",
					"@executable_path/Frameworks",
					"@loader_path/Frameworks",
				);
				PRODUCT_BUNDLE_IDENTIFIER = "com.crownstack.AppCenter-DemoTests";
				PRODUCT_NAME = "$(TARGET_NAME)";
				SWIFT_VERSION = 5.0;
				TARGETED_DEVICE_FAMILY = "1,2";
				TEST_HOST = "$(BUILT_PRODUCTS_DIR)/AppCenter Demo.app/AppCenter Demo";
			};
			name = Debug;
		};
		BBC81A3F24FA4BEC005791A6 /* Release */ = {
			isa = XCBuildConfiguration;
			baseConfigurationReference = C378DACE412DBECBBDB1A162 /* Pods-AppCenter DemoTests.release.xcconfig */;
			buildSettings = {
				ALWAYS_EMBED_SWIFT_STANDARD_LIBRARIES = YES;
				BUNDLE_LOADER = "$(TEST_HOST)";
				CODE_SIGN_STYLE = Automatic;
				INFOPLIST_FILE = "AppCenter DemoTests/Info.plist";
				IPHONEOS_DEPLOYMENT_TARGET = 13.6;
				LD_RUNPATH_SEARCH_PATHS = (
					"$(inherited)",
					"@executable_path/Frameworks",
					"@loader_path/Frameworks",
				);
				PRODUCT_BUNDLE_IDENTIFIER = "com.crownstack.AppCenter-DemoTests";
				PRODUCT_NAME = "$(TARGET_NAME)";
				SWIFT_VERSION = 5.0;
				TARGETED_DEVICE_FAMILY = "1,2";
				TEST_HOST = "$(BUILT_PRODUCTS_DIR)/AppCenter Demo.app/AppCenter Demo";
			};
			name = Release;
		};
		BBC81A4124FA4BEC005791A6 /* Debug */ = {
			isa = XCBuildConfiguration;
			baseConfigurationReference = 79BD718AB60EE38239AD9735 /* Pods-AppCenter Demo-AppCenter DemoUITests.debug.xcconfig */;
			buildSettings = {
				ALWAYS_EMBED_SWIFT_STANDARD_LIBRARIES = YES;
				CODE_SIGN_STYLE = Automatic;
				INFOPLIST_FILE = "AppCenter DemoUITests/Info.plist";
				LD_RUNPATH_SEARCH_PATHS = (
					"$(inherited)",
					"@executable_path/Frameworks",
					"@loader_path/Frameworks",
				);
				PRODUCT_BUNDLE_IDENTIFIER = "com.crownstack.AppCenter-DemoUITests";
				PRODUCT_NAME = "$(TARGET_NAME)";
				SWIFT_VERSION = 5.0;
				TARGETED_DEVICE_FAMILY = "1,2";
				TEST_TARGET_NAME = "AppCenter Demo";
			};
			name = Debug;
		};
		BBC81A4224FA4BEC005791A6 /* Release */ = {
			isa = XCBuildConfiguration;
			baseConfigurationReference = 16EBEBF470DD28D5A32FB5CA /* Pods-AppCenter Demo-AppCenter DemoUITests.release.xcconfig */;
			buildSettings = {
				ALWAYS_EMBED_SWIFT_STANDARD_LIBRARIES = YES;
				CODE_SIGN_STYLE = Automatic;
				INFOPLIST_FILE = "AppCenter DemoUITests/Info.plist";
				LD_RUNPATH_SEARCH_PATHS = (
					"$(inherited)",
					"@executable_path/Frameworks",
					"@loader_path/Frameworks",
				);
				PRODUCT_BUNDLE_IDENTIFIER = "com.crownstack.AppCenter-DemoUITests";
				PRODUCT_NAME = "$(TARGET_NAME)";
				SWIFT_VERSION = 5.0;
				TARGETED_DEVICE_FAMILY = "1,2";
				TEST_TARGET_NAME = "AppCenter Demo";
			};
			name = Release;
		};
/* End XCBuildConfiguration section */

/* Begin XCConfigurationList section */
		BBC81A0B24FA4BE5005791A6 /* Build configuration list for PBXProject "AppCenter Demo" */ = {
			isa = XCConfigurationList;
			buildConfigurations = (
				BBC81A3824FA4BEC005791A6 /* Debug */,
				BBC81A3924FA4BEC005791A6 /* Release */,
			);
			defaultConfigurationIsVisible = 0;
			defaultConfigurationName = Release;
		};
		BBC81A3A24FA4BEC005791A6 /* Build configuration list for PBXNativeTarget "AppCenter Demo" */ = {
			isa = XCConfigurationList;
			buildConfigurations = (
				BBC81A3B24FA4BEC005791A6 /* Debug */,
				BBC81A3C24FA4BEC005791A6 /* Release */,
			);
			defaultConfigurationIsVisible = 0;
			defaultConfigurationName = Release;
		};
		BBC81A3D24FA4BEC005791A6 /* Build configuration list for PBXNativeTarget "AppCenter DemoTests" */ = {
			isa = XCConfigurationList;
			buildConfigurations = (
				BBC81A3E24FA4BEC005791A6 /* Debug */,
				BBC81A3F24FA4BEC005791A6 /* Release */,
			);
			defaultConfigurationIsVisible = 0;
			defaultConfigurationName = Release;
		};
		BBC81A4024FA4BEC005791A6 /* Build configuration list for PBXNativeTarget "AppCenter DemoUITests" */ = {
			isa = XCConfigurationList;
			buildConfigurations = (
				BBC81A4124FA4BEC005791A6 /* Debug */,
				BBC81A4224FA4BEC005791A6 /* Release */,
			);
			defaultConfigurationIsVisible = 0;
			defaultConfigurationName = Release;
		};
/* End XCConfigurationList section */
	};
	rootObject = BBC81A0824FA4BE5005791A6 /* Project object */;
}
